
Microsoft Visual Studio Solution File, Format Version 11.00
# Visual Studio 2010
Project("{FAE04EC0-301F-11D3-BF4B-00C04F79EFBC}") = "Gera", "Gera\Gera.csproj", "{26D01FA6-EFB8-4910-969F-F02303B0F985}"
EndProject
Project("{FAE04EC0-301F-11D3-BF4B-00C04F79EFBC}") = "InMemoryGraph", "..\blueprints.NET\InMemoryGraph\InMemoryGraph.csproj", "{D4D2ACAD-FF2E-44AD-9D4A-6E332C246FAD}"
EndProject
Project("{FAE04EC0-301F-11D3-BF4B-00C04F79EFBC}") = "UnitTests", "UnitTests\UnitTests.csproj", "{A40FA0D3-36FC-4992-9903-091BB7741112}"
EndProject
Project("{FAE04EC0-301F-11D3-BF4B-00C04F79EFBC}") = "GeraTest", "GeraTest\GeraTest.csproj", "{BA336832-D962-4742-9645-E62ACE721509}"
EndProject
Project("{FAE04EC0-301F-11D3-BF4B-00C04F79EFBC}") = "Blueprints", "..\Blueprints.NET\blueprints\Blueprints.csproj", "{B9DE4181-416E-4DE4-A983-B90FC9412774}"
EndProject
Project("{FAE04EC0-301F-11D3-BF4B-00C04F79EFBC}") = "BlueQuad", "..\BlueQuad.NET\BlueQuad\BlueQuad.csproj", "{073E08F9-CA23-4E08-B18F-644DC0DC91D7}"
EndProject
Project("{FAE04EC0-301F-11D3-BF4B-00C04F79EFBC}") = "Pipes", "..\Pipes.NET\Pipes\Pipes.csproj", "{3949790D-8591-4101-9E4D-CE7A758E7409}"
EndProject
Project("{FAE04EC0-301F-11D3-BF4B-00C04F79EFBC}") = "Hermod", "..\Hermod\Hermod\Hermod.csproj", "{EAB20045-3D15-4220-BB56-B22FF6630AC9}"
EndProject
Project("{FAE04EC0-301F-11D3-BF4B-00C04F79EFBC}") = "Balder", "..\Balder\Balder\Balder.csproj", "{D2B4E7C7-0524-4DE5-9D62-2DE05682A74D}"
EndProject
Global
	GlobalSection(SolutionConfigurationPlatforms) = preSolution
		Debug|Any CPU = Debug|Any CPU
		Debug|Mixed Platforms = Debug|Mixed Platforms
		Debug|x86 = Debug|x86
		Release|Any CPU = Release|Any CPU
		Release|Mixed Platforms = Release|Mixed Platforms
		Release|x86 = Release|x86
	EndGlobalSection
	GlobalSection(ProjectConfigurationPlatforms) = postSolution
		{26D01FA6-EFB8-4910-969F-F02303B0F985}.Debug|Any CPU.ActiveCfg = Debug|Any CPU
		{26D01FA6-EFB8-4910-969F-F02303B0F985}.Debug|Any CPU.Build.0 = Debug|Any CPU
		{26D01FA6-EFB8-4910-969F-F02303B0F985}.Debug|Mixed Platforms.ActiveCfg = Debug|Any CPU
		{26D01FA6-EFB8-4910-969F-F02303B0F985}.Debug|Mixed Platforms.Build.0 = Debug|Any CPU
		{26D01FA6-EFB8-4910-969F-F02303B0F985}.Debug|x86.ActiveCfg = Debug|Any CPU
		{26D01FA6-EFB8-4910-969F-F02303B0F985}.Release|Any CPU.ActiveCfg = Release|Any CPU
		{26D01FA6-EFB8-4910-969F-F02303B0F985}.Release|Any CPU.Build.0 = Release|Any CPU
		{26D01FA6-EFB8-4910-969F-F02303B0F985}.Release|Mixed Platforms.ActiveCfg = Release|Any CPU
		{26D01FA6-EFB8-4910-969F-F02303B0F985}.Release|Mixed Platforms.Build.0 = Release|Any CPU
		{26D01FA6-EFB8-4910-969F-F02303B0F985}.Release|x86.ActiveCfg = Release|Any CPU
		{D4D2ACAD-FF2E-44AD-9D4A-6E332C246FAD}.Debug|Any CPU.ActiveCfg = Debug|Any CPU
		{D4D2ACAD-FF2E-44AD-9D4A-6E332C246FAD}.Debug|Any CPU.Build.0 = Debug|Any CPU
		{D4D2ACAD-FF2E-44AD-9D4A-6E332C246FAD}.Debug|Mixed Platforms.ActiveCfg = Debug|Any CPU
		{D4D2ACAD-FF2E-44AD-9D4A-6E332C246FAD}.Debug|Mixed Platforms.Build.0 = Debug|Any CPU
		{D4D2ACAD-FF2E-44AD-9D4A-6E332C246FAD}.Debug|x86.ActiveCfg = Debug|Any CPU
		{D4D2ACAD-FF2E-44AD-9D4A-6E332C246FAD}.Release|Any CPU.ActiveCfg = Release|Any CPU
		{D4D2ACAD-FF2E-44AD-9D4A-6E332C246FAD}.Release|Any CPU.Build.0 = Release|Any CPU
		{D4D2ACAD-FF2E-44AD-9D4A-6E332C246FAD}.Release|Mixed Platforms.ActiveCfg = Release|Any CPU
		{D4D2ACAD-FF2E-44AD-9D4A-6E332C246FAD}.Release|Mixed Platforms.Build.0 = Release|Any CPU
		{D4D2ACAD-FF2E-44AD-9D4A-6E332C246FAD}.Release|x86.ActiveCfg = Release|Any CPU
		{A40FA0D3-36FC-4992-9903-091BB7741112}.Debug|Any CPU.ActiveCfg = Debug|Any CPU
		{A40FA0D3-36FC-4992-9903-091BB7741112}.Debug|Any CPU.Build.0 = Debug|Any CPU
		{A40FA0D3-36FC-4992-9903-091BB7741112}.Debug|Mixed Platforms.ActiveCfg = Debug|Any CPU
		{A40FA0D3-36FC-4992-9903-091BB7741112}.Debug|Mixed Platforms.Build.0 = Debug|Any CPU
		{A40FA0D3-36FC-4992-9903-091BB7741112}.Debug|x86.ActiveCfg = Debug|Any CPU
		{A40FA0D3-36FC-4992-9903-091BB7741112}.Release|Any CPU.ActiveCfg = Release|Any CPU
		{A40FA0D3-36FC-4992-9903-091BB7741112}.Release|Any CPU.Build.0 = Release|Any CPU
		{A40FA0D3-36FC-4992-9903-091BB7741112}.Release|Mixed Platforms.ActiveCfg = Release|Any CPU
		{A40FA0D3-36FC-4992-9903-091BB7741112}.Release|Mixed Platforms.Build.0 = Release|Any CPU
		{A40FA0D3-36FC-4992-9903-091BB7741112}.Release|x86.ActiveCfg = Release|Any CPU
		{BA336832-D962-4742-9645-E62ACE721509}.Debug|Any CPU.ActiveCfg = Debug|x86
		{BA336832-D962-4742-9645-E62ACE721509}.Debug|Mixed Platforms.ActiveCfg = Debug|x86
		{BA336832-D962-4742-9645-E62ACE721509}.Debug|Mixed Platforms.Build.0 = Debug|x86
		{BA336832-D962-4742-9645-E62ACE721509}.Debug|x86.ActiveCfg = Debug|x86
		{BA336832-D962-4742-9645-E62ACE721509}.Debug|x86.Build.0 = Debug|x86
		{BA336832-D962-4742-9645-E62ACE721509}.Release|Any CPU.ActiveCfg = Release|x86
		{BA336832-D962-4742-9645-E62ACE721509}.Release|Mixed Platforms.ActiveCfg = Release|x86
		{BA336832-D962-4742-9645-E62ACE721509}.Release|Mixed Platforms.Build.0 = Release|x86
		{BA336832-D962-4742-9645-E62ACE721509}.Release|x86.ActiveCfg = Release|x86
		{BA336832-D962-4742-9645-E62ACE721509}.Release|x86.Build.0 = Release|x86
		{B9DE4181-416E-4DE4-A983-B90FC9412774}.Debug|Any CPU.ActiveCfg = Debug|Any CPU
		{B9DE4181-416E-4DE4-A983-B90FC9412774}.Debug|Any CPU.Build.0 = Debug|Any CPU
		{B9DE4181-416E-4DE4-A983-B90FC9412774}.Debug|Mixed Platforms.ActiveCfg = Debug|Any CPU
		{B9DE4181-416E-4DE4-A983-B90FC9412774}.Debug|Mixed Platforms.Build.0 = Debug|Any CPU
		{B9DE4181-416E-4DE4-A983-B90FC9412774}.Debug|x86.ActiveCfg = Debug|Any CPU
		{B9DE4181-416E-4DE4-A983-B90FC9412774}.Release|Any CPU.ActiveCfg = Release|Any CPU
		{B9DE4181-416E-4DE4-A983-B90FC9412774}.Release|Any CPU.Build.0 = Release|Any CPU
		{B9DE4181-416E-4DE4-A983-B90FC9412774}.Release|Mixed Platforms.ActiveCfg = Release|Any CPU
		{B9DE4181-416E-4DE4-A983-B90FC9412774}.Release|Mixed Platforms.Build.0 = Release|Any CPU
		{B9DE4181-416E-4DE4-A983-B90FC9412774}.Release|x86.ActiveCfg = Release|Any CPU
		{073E08F9-CA23-4E08-B18F-644DC0DC91D7}.Debug|Any CPU.ActiveCfg = Debug|Any CPU
		{073E08F9-CA23-4E08-B18F-644DC0DC91D7}.Debug|Any CPU.Build.0 = Debug|Any CPU
		{073E08F9-CA23-4E08-B18F-644DC0DC91D7}.Debug|Mixed Platforms.ActiveCfg = Debug|Any CPU
		{073E08F9-CA23-4E08-B18F-644DC0DC91D7}.Debug|Mixed Platforms.Build.0 = Debug|Any CPU
		{073E08F9-CA23-4E08-B18F-644DC0DC91D7}.Debug|x86.ActiveCfg = Debug|Any CPU
		{073E08F9-CA23-4E08-B18F-644DC0DC91D7}.Release|Any CPU.ActiveCfg = Release|Any CPU
		{073E08F9-CA23-4E08-B18F-644DC0DC91D7}.Release|Any CPU.Build.0 = Release|Any CPU
		{073E08F9-CA23-4E08-B18F-644DC0DC91D7}.Release|Mixed Platforms.ActiveCfg = Release|Any CPU
		{073E08F9-CA23-4E08-B18F-644DC0DC91D7}.Release|Mixed Platforms.Build.0 = Release|Any CPU
		{073E08F9-CA23-4E08-B18F-644DC0DC91D7}.Release|x86.ActiveCfg = Release|Any CPU
		{3949790D-8591-4101-9E4D-CE7A758E7409}.Debug|Any CPU.ActiveCfg = Debug|Any CPU
		{3949790D-8591-4101-9E4D-CE7A758E7409}.Debug|Any CPU.Build.0 = Debug|Any CPU
		{3949790D-8591-4101-9E4D-CE7A758E7409}.Debug|Mixed Platforms.ActiveCfg = Debug|Any CPU
		{3949790D-8591-4101-9E4D-CE7A758E7409}.Debug|Mixed Platforms.Build.0 = Debug|Any CPU
		{3949790D-8591-4101-9E4D-CE7A758E7409}.Debug|x86.ActiveCfg = Debug|Any CPU
		{3949790D-8591-4101-9E4D-CE7A758E7409}.Release|Any CPU.ActiveCfg = Release|Any CPU
		{3949790D-8591-4101-9E4D-CE7A758E7409}.Release|Any CPU.Build.0 = Release|Any CPU
		{3949790D-8591-4101-9E4D-CE7A758E7409}.Release|Mixed Platforms.ActiveCfg = Release|Any CPU
		{3949790D-8591-4101-9E4D-CE7A758E7409}.Release|Mixed Platforms.Build.0 = Release|Any CPU
		{3949790D-8591-4101-9E4D-CE7A758E7409}.Release|x86.ActiveCfg = Release|Any CPU
		{EAB20045-3D15-4220-BB56-B22FF6630AC9}.Debug|Any CPU.ActiveCfg = Debug|Any CPU
		{EAB20045-3D15-4220-BB56-B22FF6630AC9}.Debug|Any CPU.Build.0 = Debug|Any CPU
		{EAB20045-3D15-4220-BB56-B22FF6630AC9}.Debug|Mixed Platforms.ActiveCfg = Debug|Any CPU
		{EAB20045-3D15-4220-BB56-B22FF6630AC9}.Debug|Mixed Platforms.Build.0 = Debug|Any CPU
		{EAB20045-3D15-4220-BB56-B22FF6630AC9}.Debug|x86.ActiveCfg = Debug|Any CPU
		{EAB20045-3D15-4220-BB56-B22FF6630AC9}.Release|Any CPU.ActiveCfg = Release|Any CPU
		{EAB20045-3D15-4220-BB56-B22FF6630AC9}.Release|Any CPU.Build.0 = Release|Any CPU
		{EAB20045-3D15-4220-BB56-B22FF6630AC9}.Release|Mixed Platforms.ActiveCfg = Release|Any CPU
		{EAB20045-3D15-4220-BB56-B22FF6630AC9}.Release|Mixed Platforms.Build.0 = Release|Any CPU
		{EAB20045-3D15-4220-BB56-B22FF6630AC9}.Release|x86.ActiveCfg = Release|Any CPU
		{D2B4E7C7-0524-4DE5-9D62-2DE05682A74D}.Debug|Any CPU.ActiveCfg = Debug|Any CPU
		{D2B4E7C7-0524-4DE5-9D62-2DE05682A74D}.Debug|Any CPU.Build.0 = Debug|Any CPU
		{D2B4E7C7-0524-4DE5-9D62-2DE05682A74D}.Debug|Mixed Platforms.ActiveCfg = Debug|Any CPU
		{D2B4E7C7-0524-4DE5-9D62-2DE05682A74D}.Debug|Mixed Platforms.Build.0 = Debug|Any CPU
		{D2B4E7C7-0524-4DE5-9D62-2DE05682A74D}.Debug|x86.ActiveCfg = Debug|Any CPU
		{D2B4E7C7-0524-4DE5-9D62-2DE05682A74D}.Release|Any CPU.ActiveCfg = Release|Any CPU
		{D2B4E7C7-0524-4DE5-9D62-2DE05682A74D}.Release|Any CPU.Build.0 = Release|Any CPU
		{D2B4E7C7-0524-4DE5-9D62-2DE05682A74D}.Release|Mixed Platforms.ActiveCfg = Release|Any CPU
		{D2B4E7C7-0524-4DE5-9D62-2DE05682A74D}.Release|Mixed Platforms.Build.0 = Release|Any CPU
		{D2B4E7C7-0524-4DE5-9D62-2DE05682A74D}.Release|x86.ActiveCfg = Release|Any CPU
	EndGlobalSection
	GlobalSection(SolutionProperties) = preSolution
		HideSolutionNode = FALSE
	EndGlobalSection
EndGlobal
